
Microsoft Visual Studio Solution File, Format Version 12.00
# Visual Studio 14
VisualStudioVersion = 14.0.25420.1
MinimumVisualStudioVersion = 10.0.40219.1
Project("{FAE04EC0-301F-11D3-BF4B-00C04F79EFBC}") = "Tigrina_Google_Translation.Android", "Tigrina_Google_Translation\Tigrina_Google_Translation.Android\Tigrina_Google_Translation.Android.csproj", "{9C2631AE-C90E-4CEF-A5BB-463577139562}"
EndProject
Project("{FAE04EC0-301F-11D3-BF4B-00C04F79EFBC}") = "Tigrina_Google_Translation", "Tigrina_Google_Translation\Tigrina_Google_Translation\Tigrina_Google_Translation.csproj", "{3E7E4A94-8D8F-46C3-BD47-CD36A951090B}"
EndProject
Project("{FAE04EC0-301F-11D3-BF4B-00C04F79EFBC}") = "Tigrina_Google_Translation.iOS", "Tigrina_Google_Translation\Tigrina_Google_Translation.iOS\Tigrina_Google_Translation.iOS.csproj", "{33CB4AFA-010B-48F7-8AAD-329903C2B430}"
EndProject
Global
	GlobalSection(SolutionConfigurationPlatforms) = preSolution
		Ad-Hoc|Any CPU = Ad-Hoc|Any CPU
		Ad-Hoc|iPhone = Ad-Hoc|iPhone
		Ad-Hoc|iPhoneSimulator = Ad-Hoc|iPhoneSimulator
		AppStore|Any CPU = AppStore|Any CPU
		AppStore|iPhone = AppStore|iPhone
		AppStore|iPhoneSimulator = AppStore|iPhoneSimulator
		Debug|Any CPU = Debug|Any CPU
		Debug|iPhone = Debug|iPhone
		Debug|iPhoneSimulator = Debug|iPhoneSimulator
		Release|Any CPU = Release|Any CPU
		Release|iPhone = Release|iPhone
		Release|iPhoneSimulator = Release|iPhoneSimulator
	EndGlobalSection
	GlobalSection(ProjectConfigurationPlatforms) = postSolution
		{9C2631AE-C90E-4CEF-A5BB-463577139562}.Ad-Hoc|Any CPU.ActiveCfg = Release|Any CPU
		{9C2631AE-C90E-4CEF-A5BB-463577139562}.Ad-Hoc|Any CPU.Build.0 = Release|Any CPU
		{9C2631AE-C90E-4CEF-A5BB-463577139562}.Ad-Hoc|Any CPU.Deploy.0 = Release|Any CPU
		{9C2631AE-C90E-4CEF-A5BB-463577139562}.Ad-Hoc|iPhone.ActiveCfg = Release|Any CPU
		{9C2631AE-C90E-4CEF-A5BB-463577139562}.Ad-Hoc|iPhone.Build.0 = Release|Any CPU
		{9C2631AE-C90E-4CEF-A5BB-463577139562}.Ad-Hoc|iPhone.Deploy.0 = Release|Any CPU
		{9C2631AE-C90E-4CEF-A5BB-463577139562}.Ad-Hoc|iPhoneSimulator.ActiveCfg = Release|Any CPU
		{9C2631AE-C90E-4CEF-A5BB-463577139562}.Ad-Hoc|iPhoneSimulator.Build.0 = Release|Any CPU
		{9C2631AE-C90E-4CEF-A5BB-463577139562}.Ad-Hoc|iPhoneSimulator.Deploy.0 = Release|Any CPU
		{9C2631AE-C90E-4CEF-A5BB-463577139562}.AppStore|Any CPU.ActiveCfg = Release|Any CPU
		{9C2631AE-C90E-4CEF-A5BB-463577139562}.AppStore|Any CPU.Build.0 = Release|Any CPU
		{9C2631AE-C90E-4CEF-A5BB-463577139562}.AppStore|Any CPU.Deploy.0 = Release|Any CPU
		{9C2631AE-C90E-4CEF-A5BB-463577139562}.AppStore|iPhone.ActiveCfg = Release|Any CPU
		{9C2631AE-C90E-4CEF-A5BB-463577139562}.AppStore|iPhone.Build.0 = Release|Any CPU
		{9C2631AE-C90E-4CEF-A5BB-463577139562}.AppStore|iPhone.Deploy.0 = Release|Any CPU
		{9C2631AE-C90E-4CEF-A5BB-463577139562}.AppStore|iPhoneSimulator.ActiveCfg = Release|Any CPU
		{9C2631AE-C90E-4CEF-A5BB-463577139562}.AppStore|iPhoneSimulator.Build.0 = Release|Any CPU
		{9C2631AE-C90E-4CEF-A5BB-463577139562}.AppStore|iPhoneSimulator.Deploy.0 = Release|Any CPU
		{9C2631AE-C90E-4CEF-A5BB-463577139562}.Debug|Any CPU.ActiveCfg = Debug|Any CPU
		{9C2631AE-C90E-4CEF-A5BB-463577139562}.Debug|Any CPU.Build.0 = Debug|Any CPU
		{9C2631AE-C90E-4CEF-A5BB-463577139562}.Debug|Any CPU.Deploy.0 = Debug|Any CPU
		{9C2631AE-C90E-4CEF-A5BB-463577139562}.Debug|iPhone.ActiveCfg = Debug|Any CPU
		{9C2631AE-C90E-4CEF-A5BB-463577139562}.Debug|iPhone.Build.0 = Debug|Any CPU
		{9C2631AE-C90E-4CEF-A5BB-463577139562}.Debug|iPhone.Deploy.0 = Debug|Any CPU
		{9C2631AE-C90E-4CEF-A5BB-463577139562}.Debug|iPhoneSimulator.ActiveCfg = Debug|Any CPU
		{9C2631AE-C90E-4CEF-A5BB-463577139562}.Debug|iPhoneSimulator.Build.0 = Debug|Any CPU
		{9C2631AE-C90E-4CEF-A5BB-463577139562}.Debug|iPhoneSimulator.Deploy.0 = Debug|Any CPU
		{9C2631AE-C90E-4CEF-A5BB-463577139562}.Release|Any CPU.ActiveCfg = Release|Any CPU
		{9C2631AE-C90E-4CEF-A5BB-463577139562}.Release|Any CPU.Build.0 = Release|Any CPU
		{9C2631AE-C90E-4CEF-A5BB-463577139562}.Release|Any CPU.Deploy.0 = Release|Any CPU
		{9C2631AE-C90E-4CEF-A5BB-463577139562}.Release|iPhone.ActiveCfg = Release|Any CPU
		{9C2631AE-C90E-4CEF-A5BB-463577139562}.Release|iPhone.Build.0 = Release|Any CPU
		{9C2631AE-C90E-4CEF-A5BB-463577139562}.Release|iPhone.Deploy.0 = Release|Any CPU
		{9C2631AE-C90E-4CEF-A5BB-463577139562}.Release|iPhoneSimulator.ActiveCfg = Release|Any CPU
		{9C2631AE-C90E-4CEF-A5BB-463577139562}.Release|iPhoneSimulator.Build.0 = Release|Any CPU
		{9C2631AE-C90E-4CEF-A5BB-463577139562}.Release|iPhoneSimulator.Deploy.0 = Release|Any CPU
		{3E7E4A94-8D8F-46C3-BD47-CD36A951090B}.Ad-Hoc|Any CPU.ActiveCfg = Release|Any CPU
		{3E7E4A94-8D8F-46C3-BD47-CD36A951090B}.Ad-Hoc|Any CPU.Build.0 = Release|Any CPU
		{3E7E4A94-8D8F-46C3-BD47-CD36A951090B}.Ad-Hoc|iPhone.ActiveCfg = Release|Any CPU
		{3E7E4A94-8D8F-46C3-BD47-CD36A951090B}.Ad-Hoc|iPhone.Build.0 = Release|Any CPU
		{3E7E4A94-8D8F-46C3-BD47-CD36A951090B}.Ad-Hoc|iPhoneSimulator.ActiveCfg = Release|Any CPU
		{3E7E4A94-8D8F-46C3-BD47-CD36A951090B}.Ad-Hoc|iPhoneSimulator.Build.0 = Release|Any CPU
		{3E7E4A94-8D8F-46C3-BD47-CD36A951090B}.AppStore|Any CPU.ActiveCfg = Release|Any CPU
		{3E7E4A94-8D8F-46C3-BD47-CD36A951090B}.AppStore|Any CPU.Build.0 = Release|Any CPU
		{3E7E4A94-8D8F-46C3-BD47-CD36A951090B}.AppStore|iPhone.ActiveCfg = Release|Any CPU
		{3E7E4A94-8D8F-46C3-BD47-CD36A951090B}.AppStore|iPhone.Build.0 = Release|Any CPU
		{3E7E4A94-8D8F-46C3-BD47-CD36A951090B}.AppStore|iPhoneSimulator.ActiveCfg = Release|Any CPU
		{3E7E4A94-8D8F-46C3-BD47-CD36A951090B}.AppStore|iPhoneSimulator.Build.0 = Release|Any CPU
		{3E7E4A94-8D8F-46C3-BD47-CD36A951090B}.Debug|Any CPU.ActiveCfg = Debug|Any CPU
		{3E7E4A94-8D8F-46C3-BD47-CD36A951090B}.Debug|Any CPU.Build.0 = Debug|Any CPU
		{3E7E4A94-8D8F-46C3-BD47-CD36A951090B}.Debug|iPhone.ActiveCfg = Debug|Any CPU
		{3E7E4A94-8D8F-46C3-BD47-CD36A951090B}.Debug|iPhone.Build.0 = Debug|Any CPU
		{3E7E4A94-8D8F-46C3-BD47-CD36A951090B}.Debug|iPhoneSimulator.ActiveCfg = Debug|Any CPU
		{3E7E4A94-8D8F-46C3-BD47-CD36A951090B}.Debug|iPhoneSimulator.Build.0 = Debug|Any CPU
		{3E7E4A94-8D8F-46C3-BD47-CD36A951090B}.Release|Any CPU.ActiveCfg = Release|Any CPU
		{3E7E4A94-8D8F-46C3-BD47-CD36A951090B}.Release|Any CPU.Build.0 = Release|Any CPU
		{3E7E4A94-8D8F-46C3-BD47-CD36A951090B}.Release|iPhone.ActiveCfg = Release|Any CPU
		{3E7E4A94-8D8F-46C3-BD47-CD36A951090B}.Release|iPhone.Build.0 = Release|Any CPU
		{3E7E4A94-8D8F-46C3-BD47-CD36A951090B}.Release|iPhoneSimulator.ActiveCfg = Release|Any CPU
		{3E7E4A94-8D8F-46C3-BD47-CD36A951090B}.Release|iPhoneSimulator.Build.0 = Release|Any CPU
		{33CB4AFA-010B-48F7-8AAD-329903C2B430}.Ad-Hoc|Any CPU.ActiveCfg = Ad-Hoc|iPhone
		{33CB4AFA-010B-48F7-8AAD-329903C2B430}.Ad-Hoc|iPhone.ActiveCfg = Ad-Hoc|iPhone
		{33CB4AFA-010B-48F7-8AAD-329903C2B430}.Ad-Hoc|iPhone.Build.0 = Ad-Hoc|iPhone
		{33CB4AFA-010B-48F7-8AAD-329903C2B430}.Ad-Hoc|iPhoneSimulator.ActiveCfg = Ad-Hoc|iPhoneSimulator
		{33CB4AFA-010B-48F7-8AAD-329903C2B430}.Ad-Hoc|iPhoneSimulator.Build.0 = Ad-Hoc|iPhoneSimulator
		{33CB4AFA-010B-48F7-8AAD-329903C2B430}.AppStore|Any CPU.ActiveCfg = AppStore|iPhone
		{33CB4AFA-010B-48F7-8AAD-329903C2B430}.AppStore|iPhone.ActiveCfg = AppStore|iPhone
		{33CB4AFA-010B-48F7-8AAD-329903C2B430}.AppStore|iPhone.Build.0 = AppStore|iPhone
		{33CB4AFA-010B-48F7-8AAD-329903C2B430}.AppStore|iPhoneSimulator.ActiveCfg = AppStore|iPhoneSimulator
		{33CB4AFA-010B-48F7-8AAD-329903C2B430}.AppStore|iPhoneSimulator.Build.0 = AppStore|iPhoneSimulator
		{33CB4AFA-010B-48F7-8AAD-329903C2B430}.Debug|Any CPU.ActiveCfg = Debug|iPhone
		{33CB4AFA-010B-48F7-8AAD-329903C2B430}.Debug|iPhone.ActiveCfg = Debug|iPhone
		{33CB4AFA-010B-48F7-8AAD-329903C2B430}.Debug|iPhone.Build.0 = Debug|iPhone
		{33CB4AFA-010B-48F7-8AAD-329903C2B430}.Debug|iPhoneSimulator.ActiveCfg = Debug|iPhoneSimulator
		{33CB4AFA-010B-48F7-8AAD-329903C2B430}.Debug|iPhoneSimulator.Build.0 = Debug|iPhoneSimulator
		{33CB4AFA-010B-48F7-8AAD-329903C2B430}.Release|Any CPU.ActiveCfg = Release|iPhone
		{33CB4AFA-010B-48F7-8AAD-329903C2B430}.Release|iPhone.ActiveCfg = Release|iPhone
		{33CB4AFA-010B-48F7-8AAD-329903C2B430}.Release|iPhone.Build.0 = Release|iPhone
		{33CB4AFA-010B-48F7-8AAD-329903C2B430}.Release|iPhoneSimulator.ActiveCfg = Release|iPhoneSimulator
		{33CB4AFA-010B-48F7-8AAD-329903C2B430}.Release|iPhoneSimulator.Build.0 = Release|iPhoneSimulator
	EndGlobalSection
	GlobalSection(SolutionProperties) = preSolution
		HideSolutionNode = FALSE
	EndGlobalSection
EndGlobal
